
Microsoft Visual Studio Solution File, Format Version 12.00
# Visual Studio Version 17
VisualStudioVersion = 17.5.002.0
MinimumVisualStudioVersion = 10.0.40219.1
Project("{9A19103F-16F7-4668-BE54-9A1E7A4F7556}") = "dapr-state", "dapr-state\dapr-state.csproj", "{CED4574B-8AD9-466C-9B59-3FE375C3FD44}"
EndProject
Project("{2150E333-8FDC-42A3-9474-1A3956D46DE8}") = "dapr-pubsub", "dapr-pubsub", "{319D5F0B-E594-4119-99C7-92063F90B417}"
EndProject
Project("{9A19103F-16F7-4668-BE54-9A1E7A4F7556}") = "checkout", "dapr-pubsub\checkout\checkout.csproj", "{D4BD08D5-3A10-47A0-A1CB-C34CF9176834}"
EndProject
Project("{9A19103F-16F7-4668-BE54-9A1E7A4F7556}") = "orderproducer", "dapr-pubsub\orderproducer\orderproducer.csproj", "{42D49E80-B08C-4E39-B62B-66AE3B7BF554}"
EndProject
Global
	GlobalSection(SolutionConfigurationPlatforms) = preSolution
		Debug|Any CPU = Debug|Any CPU
		Release|Any CPU = Release|Any CPU
	EndGlobalSection
	GlobalSection(ProjectConfigurationPlatforms) = postSolution
		{CED4574B-8AD9-466C-9B59-3FE375C3FD44}.Debug|Any CPU.ActiveCfg = Debug|Any CPU
		{CED4574B-8AD9-466C-9B59-3FE375C3FD44}.Debug|Any CPU.Build.0 = Debug|Any CPU
		{CED4574B-8AD9-466C-9B59-3FE375C3FD44}.Release|Any CPU.ActiveCfg = Release|Any CPU
		{CED4574B-8AD9-466C-9B59-3FE375C3FD44}.Release|Any CPU.Build.0 = Release|Any CPU
		{D4BD08D5-3A10-47A0-A1CB-C34CF9176834}.Debug|Any CPU.ActiveCfg = Debug|Any CPU
		{D4BD08D5-3A10-47A0-A1CB-C34CF9176834}.Debug|Any CPU.Build.0 = Debug|Any CPU
		{D4BD08D5-3A10-47A0-A1CB-C34CF9176834}.Release|Any CPU.ActiveCfg = Release|Any CPU
		{D4BD08D5-3A10-47A0-A1CB-C34CF9176834}.Release|Any CPU.Build.0 = Release|Any CPU
		{42D49E80-B08C-4E39-B62B-66AE3B7BF554}.Debug|Any CPU.ActiveCfg = Debug|Any CPU
		{42D49E80-B08C-4E39-B62B-66AE3B7BF554}.Debug|Any CPU.Build.0 = Debug|Any CPU
		{42D49E80-B08C-4E39-B62B-66AE3B7BF554}.Release|Any CPU.ActiveCfg = Release|Any CPU
		{42D49E80-B08C-4E39-B62B-66AE3B7BF554}.Release|Any CPU.Build.0 = Release|Any CPU
	EndGlobalSection
	GlobalSection(SolutionProperties) = preSolution
		HideSolutionNode = FALSE
	EndGlobalSection
	GlobalSection(NestedProjects) = preSolution
		{D4BD08D5-3A10-47A0-A1CB-C34CF9176834} = {319D5F0B-E594-4119-99C7-92063F90B417}
		{42D49E80-B08C-4E39-B62B-66AE3B7BF554} = {319D5F0B-E594-4119-99C7-92063F90B417}
	EndGlobalSection
	GlobalSection(ExtensibilityGlobals) = postSolution
		SolutionGuid = {42B9F182-ACB5-4990-9DCE-0D177BD8CC61}
	EndGlobalSection
EndGlobal
